
Microsoft Visual Studio Solution File, Format Version 12.00
# Visual Studio 15
VisualStudioVersion = 15.0.26430.14
MinimumVisualStudioVersion = 10.0.40219.1
Project("{FAE04EC0-301F-11D3-BF4B-00C04F79EFBC}") = "ConsoleApp", "ConsoleApp\ConsoleApp.csproj", "{E6755BDE-05C0-4E79-BDAE-0FF45E64BCB1}"
EndProject
Project("{FAE04EC0-301F-11D3-BF4B-00C04F79EFBC}") = "Problem1", "Problem1\Problem1.csproj", "{2A8F8C77-D5D4-473B-8D7C-DE07254A3638}"
EndProject
Project("{FAE04EC0-301F-11D3-BF4B-00C04F79EFBC}") = "Problem2", "Problem2\Problem2.csproj", "{874340DB-A7D9-4DF3-9487-5DDF2DD60A3D}"
EndProject
Project("{FAE04EC0-301F-11D3-BF4B-00C04F79EFBC}") = "Problem3", "Problem3\Problem3.csproj", "{871B3354-9A71-4D1A-8974-4E8CFD780140}"
EndProject
Project("{FAE04EC0-301F-11D3-BF4B-00C04F79EFBC}") = "Problem4", "Problem4\Problem4.csproj", "{ACAD9632-D221-439A-8C37-A31BE704C265}"
EndProject
Project("{FAE04EC0-301F-11D3-BF4B-00C04F79EFBC}") = "Problem5", "Problem5\Problem5.csproj", "{31824DE0-F6C8-4121-91C6-08AC0F1B9057}"
EndProject
Project("{FAE04EC0-301F-11D3-BF4B-00C04F79EFBC}") = "Problem6", "Problem6\Problem6.csproj", "{0A308127-0BCA-48C5-82D5-83E7054CBAB4}"
EndProject
Project("{FAE04EC0-301F-11D3-BF4B-00C04F79EFBC}") = "Problem7", "Problem7\Problem7.csproj", "{0ACF5615-8BBC-471E-B690-D9E71CE3BA19}"
EndProject
Project("{FAE04EC0-301F-11D3-BF4B-00C04F79EFBC}") = "Problem8", "Problem8\Problem8.csproj", "{D376D4FE-EF93-4E2B-8AA2-89F01C2CB091}"
EndProject
Project("{FAE04EC0-301F-11D3-BF4B-00C04F79EFBC}") = "Problem9", "Problem9\Problem9.csproj", "{DF44876D-226C-4EF9-92B4-CEF29B7D36B4}"
EndProject
Project("{FAE04EC0-301F-11D3-BF4B-00C04F79EFBC}") = "Problem10", "Problem10\Problem10.csproj", "{4358B86E-E728-480F-8DF1-7491BDF6DA34}"
EndProject
Project("{FAE04EC0-301F-11D3-BF4B-00C04F79EFBC}") = "Problem11", "Problem11\Problem11.csproj", "{470E08FC-925F-46B6-96FF-D9041B3C7764}"
EndProject
Project("{FAE04EC0-301F-11D3-BF4B-00C04F79EFBC}") = "Problem12", "Problem12\Problem12.csproj", "{B208D113-9575-4093-BA7B-461B8E19478F}"
EndProject
Project("{FAE04EC0-301F-11D3-BF4B-00C04F79EFBC}") = "Problem13", "Problem13\Problem13.csproj", "{82F57D93-8240-4A2C-A8E1-24418FB82592}"
EndProject
Global
	GlobalSection(SolutionConfigurationPlatforms) = preSolution
		Debug|Any CPU = Debug|Any CPU
		Release|Any CPU = Release|Any CPU
	EndGlobalSection
	GlobalSection(ProjectConfigurationPlatforms) = postSolution
		{E6755BDE-05C0-4E79-BDAE-0FF45E64BCB1}.Debug|Any CPU.ActiveCfg = Debug|Any CPU
		{E6755BDE-05C0-4E79-BDAE-0FF45E64BCB1}.Debug|Any CPU.Build.0 = Debug|Any CPU
		{E6755BDE-05C0-4E79-BDAE-0FF45E64BCB1}.Release|Any CPU.ActiveCfg = Release|Any CPU
		{E6755BDE-05C0-4E79-BDAE-0FF45E64BCB1}.Release|Any CPU.Build.0 = Release|Any CPU
		{2A8F8C77-D5D4-473B-8D7C-DE07254A3638}.Debug|Any CPU.ActiveCfg = Debug|Any CPU
		{2A8F8C77-D5D4-473B-8D7C-DE07254A3638}.Debug|Any CPU.Build.0 = Debug|Any CPU
		{2A8F8C77-D5D4-473B-8D7C-DE07254A3638}.Release|Any CPU.ActiveCfg = Release|Any CPU
		{2A8F8C77-D5D4-473B-8D7C-DE07254A3638}.Release|Any CPU.Build.0 = Release|Any CPU
		{874340DB-A7D9-4DF3-9487-5DDF2DD60A3D}.Debug|Any CPU.ActiveCfg = Debug|Any CPU
		{874340DB-A7D9-4DF3-9487-5DDF2DD60A3D}.Debug|Any CPU.Build.0 = Debug|Any CPU
		{874340DB-A7D9-4DF3-9487-5DDF2DD60A3D}.Release|Any CPU.ActiveCfg = Release|Any CPU
		{874340DB-A7D9-4DF3-9487-5DDF2DD60A3D}.Release|Any CPU.Build.0 = Release|Any CPU
		{871B3354-9A71-4D1A-8974-4E8CFD780140}.Debug|Any CPU.ActiveCfg = Debug|Any CPU
		{871B3354-9A71-4D1A-8974-4E8CFD780140}.Debug|Any CPU.Build.0 = Debug|Any CPU
		{871B3354-9A71-4D1A-8974-4E8CFD780140}.Release|Any CPU.ActiveCfg = Release|Any CPU
		{871B3354-9A71-4D1A-8974-4E8CFD780140}.Release|Any CPU.Build.0 = Release|Any CPU
		{ACAD9632-D221-439A-8C37-A31BE704C265}.Debug|Any CPU.ActiveCfg = Debug|Any CPU
		{ACAD9632-D221-439A-8C37-A31BE704C265}.Debug|Any CPU.Build.0 = Debug|Any CPU
		{ACAD9632-D221-439A-8C37-A31BE704C265}.Release|Any CPU.ActiveCfg = Release|Any CPU
		{ACAD9632-D221-439A-8C37-A31BE704C265}.Release|Any CPU.Build.0 = Release|Any CPU
		{31824DE0-F6C8-4121-91C6-08AC0F1B9057}.Debug|Any CPU.ActiveCfg = Debug|Any CPU
		{31824DE0-F6C8-4121-91C6-08AC0F1B9057}.Debug|Any CPU.Build.0 = Debug|Any CPU
		{31824DE0-F6C8-4121-91C6-08AC0F1B9057}.Release|Any CPU.ActiveCfg = Release|Any CPU
		{31824DE0-F6C8-4121-91C6-08AC0F1B9057}.Release|Any CPU.Build.0 = Release|Any CPU
		{0A308127-0BCA-48C5-82D5-83E7054CBAB4}.Debug|Any CPU.ActiveCfg = Debug|Any CPU
		{0A308127-0BCA-48C5-82D5-83E7054CBAB4}.Debug|Any CPU.Build.0 = Debug|Any CPU
		{0A308127-0BCA-48C5-82D5-83E7054CBAB4}.Release|Any CPU.ActiveCfg = Release|Any CPU
		{0A308127-0BCA-48C5-82D5-83E7054CBAB4}.Release|Any CPU.Build.0 = Release|Any CPU
		{0ACF5615-8BBC-471E-B690-D9E71CE3BA19}.Debug|Any CPU.ActiveCfg = Debug|Any CPU
		{0ACF5615-8BBC-471E-B690-D9E71CE3BA19}.Debug|Any CPU.Build.0 = Debug|Any CPU
		{0ACF5615-8BBC-471E-B690-D9E71CE3BA19}.Release|Any CPU.ActiveCfg = Release|Any CPU
		{0ACF5615-8BBC-471E-B690-D9E71CE3BA19}.Release|Any CPU.Build.0 = Release|Any CPU
		{D376D4FE-EF93-4E2B-8AA2-89F01C2CB091}.Debug|Any CPU.ActiveCfg = Debug|Any CPU
		{D376D4FE-EF93-4E2B-8AA2-89F01C2CB091}.Debug|Any CPU.Build.0 = Debug|Any CPU
		{D376D4FE-EF93-4E2B-8AA2-89F01C2CB091}.Release|Any CPU.ActiveCfg = Release|Any CPU
		{D376D4FE-EF93-4E2B-8AA2-89F01C2CB091}.Release|Any CPU.Build.0 = Release|Any CPU
		{DF44876D-226C-4EF9-92B4-CEF29B7D36B4}.Debug|Any CPU.ActiveCfg = Debug|Any CPU
		{DF44876D-226C-4EF9-92B4-CEF29B7D36B4}.Debug|Any CPU.Build.0 = Debug|Any CPU
		{DF44876D-226C-4EF9-92B4-CEF29B7D36B4}.Release|Any CPU.ActiveCfg = Release|Any CPU
		{DF44876D-226C-4EF9-92B4-CEF29B7D36B4}.Release|Any CPU.Build.0 = Release|Any CPU
		{4358B86E-E728-480F-8DF1-7491BDF6DA34}.Debug|Any CPU.ActiveCfg = Debug|Any CPU
		{4358B86E-E728-480F-8DF1-7491BDF6DA34}.Debug|Any CPU.Build.0 = Debug|Any CPU
		{4358B86E-E728-480F-8DF1-7491BDF6DA34}.Release|Any CPU.ActiveCfg = Release|Any CPU
		{4358B86E-E728-480F-8DF1-7491BDF6DA34}.Release|Any CPU.Build.0 = Release|Any CPU
		{470E08FC-925F-46B6-96FF-D9041B3C7764}.Debug|Any CPU.ActiveCfg = Debug|Any CPU
		{470E08FC-925F-46B6-96FF-D9041B3C7764}.Debug|Any CPU.Build.0 = Debug|Any CPU
		{470E08FC-925F-46B6-96FF-D9041B3C7764}.Release|Any CPU.ActiveCfg = Release|Any CPU
		{470E08FC-925F-46B6-96FF-D9041B3C7764}.Release|Any CPU.Build.0 = Release|Any CPU
		{B208D113-9575-4093-BA7B-461B8E19478F}.Debug|Any CPU.ActiveCfg = Debug|Any CPU
		{B208D113-9575-4093-BA7B-461B8E19478F}.Debug|Any CPU.Build.0 = Debug|Any CPU
		{B208D113-9575-4093-BA7B-461B8E19478F}.Release|Any CPU.ActiveCfg = Release|Any CPU
		{B208D113-9575-4093-BA7B-461B8E19478F}.Release|Any CPU.Build.0 = Release|Any CPU
		{82F57D93-8240-4A2C-A8E1-24418FB82592}.Debug|Any CPU.ActiveCfg = Debug|Any CPU
		{82F57D93-8240-4A2C-A8E1-24418FB82592}.Debug|Any CPU.Build.0 = Debug|Any CPU
		{82F57D93-8240-4A2C-A8E1-24418FB82592}.Release|Any CPU.ActiveCfg = Release|Any CPU
		{82F57D93-8240-4A2C-A8E1-24418FB82592}.Release|Any CPU.Build.0 = Release|Any CPU
	EndGlobalSection
	GlobalSection(SolutionProperties) = preSolution
		HideSolutionNode = FALSE
	EndGlobalSection
EndGlobal
