
Microsoft Visual Studio Solution File, Format Version 12.00
# Visual Studio 15
VisualStudioVersion = 15.0.26430.14
MinimumVisualStudioVersion = 10.0.40219.1
Project("{FAE04EC0-301F-11D3-BF4B-00C04F79EFBC}") = "Tavisca.Training2017.HandsOn.SearchSubStr", "Tavisca.Training2017.HandsOn.SearchSubStr\Tavisca.Training2017.HandsOn.SearchSubStr.csproj", "{1CCD86E8-67CF-4C55-B854-FC5FEACCAE1C}"
EndProject
Global
	GlobalSection(SolutionConfigurationPlatforms) = preSolution
		Debug|Any CPU = Debug|Any CPU
		Release|Any CPU = Release|Any CPU
	EndGlobalSection
	GlobalSection(ProjectConfigurationPlatforms) = postSolution
		{1CCD86E8-67CF-4C55-B854-FC5FEACCAE1C}.Debug|Any CPU.ActiveCfg = Debug|Any CPU
		{1CCD86E8-67CF-4C55-B854-FC5FEACCAE1C}.Debug|Any CPU.Build.0 = Debug|Any CPU
		{1CCD86E8-67CF-4C55-B854-FC5FEACCAE1C}.Release|Any CPU.ActiveCfg = Release|Any CPU
		{1CCD86E8-67CF-4C55-B854-FC5FEACCAE1C}.Release|Any CPU.Build.0 = Release|Any CPU
	EndGlobalSection
	GlobalSection(SolutionProperties) = preSolution
		HideSolutionNode = FALSE
	EndGlobalSection
EndGlobal
