
Microsoft Visual Studio Solution File, Format Version 12.00
# Visual Studio 15
VisualStudioVersion = 15.0.26430.16
MinimumVisualStudioVersion = 10.0.40219.1
Project("{FAE04EC0-301F-11D3-BF4B-00C04F79EFBC}") = "MarsRover", "MarsRover\MarsRover.csproj", "{9D8C74C9-2C3C-4860-AC1F-AB686EE2EAAF}"
EndProject
Project("{FAE04EC0-301F-11D3-BF4B-00C04F79EFBC}") = "TestMarsRover", "UnitTestProject1\TestMarsRover.csproj", "{BED5FB4C-BA00-46B0-8DB4-F2FE3AC2F870}"
EndProject
Global
	GlobalSection(SolutionConfigurationPlatforms) = preSolution
		Debug|Any CPU = Debug|Any CPU
		Release|Any CPU = Release|Any CPU
	EndGlobalSection
	GlobalSection(ProjectConfigurationPlatforms) = postSolution
		{9D8C74C9-2C3C-4860-AC1F-AB686EE2EAAF}.Debug|Any CPU.ActiveCfg = Debug|Any CPU
		{9D8C74C9-2C3C-4860-AC1F-AB686EE2EAAF}.Debug|Any CPU.Build.0 = Debug|Any CPU
		{9D8C74C9-2C3C-4860-AC1F-AB686EE2EAAF}.Release|Any CPU.ActiveCfg = Release|Any CPU
		{9D8C74C9-2C3C-4860-AC1F-AB686EE2EAAF}.Release|Any CPU.Build.0 = Release|Any CPU
		{BED5FB4C-BA00-46B0-8DB4-F2FE3AC2F870}.Debug|Any CPU.ActiveCfg = Debug|Any CPU
		{BED5FB4C-BA00-46B0-8DB4-F2FE3AC2F870}.Debug|Any CPU.Build.0 = Debug|Any CPU
		{BED5FB4C-BA00-46B0-8DB4-F2FE3AC2F870}.Release|Any CPU.ActiveCfg = Release|Any CPU
		{BED5FB4C-BA00-46B0-8DB4-F2FE3AC2F870}.Release|Any CPU.Build.0 = Release|Any CPU
	EndGlobalSection
	GlobalSection(SolutionProperties) = preSolution
		HideSolutionNode = FALSE
	EndGlobalSection
EndGlobal
