
Microsoft Visual Studio Solution File, Format Version 12.00
# Visual Studio 15
VisualStudioVersion = 15.0.26430.14
MinimumVisualStudioVersion = 10.0.40219.1
Project("{FAE04EC0-301F-11D3-BF4B-00C04F79EFBC}") = "Tavisca.Training2017.HandsOn.Util", "Tavisca.Training2017.HandsOn.Util\Tavisca.Training2017.HandsOn.Util.csproj", "{AC4DA5BE-4234-43B3-B0E4-BFC1436ECC20}"
EndProject
Global
	GlobalSection(SolutionConfigurationPlatforms) = preSolution
		Debug|Any CPU = Debug|Any CPU
		Release|Any CPU = Release|Any CPU
	EndGlobalSection
	GlobalSection(ProjectConfigurationPlatforms) = postSolution
		{AC4DA5BE-4234-43B3-B0E4-BFC1436ECC20}.Debug|Any CPU.ActiveCfg = Debug|Any CPU
		{AC4DA5BE-4234-43B3-B0E4-BFC1436ECC20}.Debug|Any CPU.Build.0 = Debug|Any CPU
		{AC4DA5BE-4234-43B3-B0E4-BFC1436ECC20}.Release|Any CPU.ActiveCfg = Release|Any CPU
		{AC4DA5BE-4234-43B3-B0E4-BFC1436ECC20}.Release|Any CPU.Build.0 = Release|Any CPU
	EndGlobalSection
	GlobalSection(SolutionProperties) = preSolution
		HideSolutionNode = FALSE
	EndGlobalSection
EndGlobal
