
Microsoft Visual Studio Solution File, Format Version 12.00
# Visual Studio 15
VisualStudioVersion = 15.0.26430.14
MinimumVisualStudioVersion = 10.0.40219.1
Project("{FAE04EC0-301F-11D3-BF4B-00C04F79EFBC}") = "StudentRecord", "Student Record\StudentRecord.csproj", "{665DE4ED-3EB5-4FA4-9961-AA766D4C2FF2}"
EndProject
Project("{FAE04EC0-301F-11D3-BF4B-00C04F79EFBC}") = "TestStudentRecord", "TestValidation\TestStudentRecord.csproj", "{A97C7DBF-B504-4193-8849-181CF10694E3}"
EndProject
Global
	GlobalSection(SolutionConfigurationPlatforms) = preSolution
		Debug|Any CPU = Debug|Any CPU
		Release|Any CPU = Release|Any CPU
	EndGlobalSection
	GlobalSection(ProjectConfigurationPlatforms) = postSolution
		{665DE4ED-3EB5-4FA4-9961-AA766D4C2FF2}.Debug|Any CPU.ActiveCfg = Debug|Any CPU
		{665DE4ED-3EB5-4FA4-9961-AA766D4C2FF2}.Debug|Any CPU.Build.0 = Debug|Any CPU
		{665DE4ED-3EB5-4FA4-9961-AA766D4C2FF2}.Release|Any CPU.ActiveCfg = Release|Any CPU
		{665DE4ED-3EB5-4FA4-9961-AA766D4C2FF2}.Release|Any CPU.Build.0 = Release|Any CPU
		{A97C7DBF-B504-4193-8849-181CF10694E3}.Debug|Any CPU.ActiveCfg = Debug|Any CPU
		{A97C7DBF-B504-4193-8849-181CF10694E3}.Debug|Any CPU.Build.0 = Debug|Any CPU
		{A97C7DBF-B504-4193-8849-181CF10694E3}.Release|Any CPU.ActiveCfg = Release|Any CPU
		{A97C7DBF-B504-4193-8849-181CF10694E3}.Release|Any CPU.Build.0 = Release|Any CPU
	EndGlobalSection
	GlobalSection(SolutionProperties) = preSolution
		HideSolutionNode = FALSE
	EndGlobalSection
EndGlobal
